{
  "nodes": {
    "nixpkgs": {
      "locked": {
        "lastModified": 1707228042,
        "narHash": "sha256-Zx0W9c4o4P9LVrFPXCz1J9NSvXVwIve0DsBIJT8WZIA=",
        "owner": "nixos",
        "repo": "nixpkgs",
        "rev": "fb13cdcf93cb85c2b34aaf5bad6548ba5b8878d6",
        "type": "github"
      },
      "original": {
        "owner": "nixos",
        "repo": "nixpkgs",
        "type": "github"
      }
    },
    "root": {
      "inputs": {
        "nixpkgs": "nixpkgs"
      }
    }
  },
  "root": "root",
  "version": 7
}
